# THIS IS AN AUTOGENERATED FILE. DO NOT EDIT THIS FILE DIRECTLY.
# yarn lockfile v1


aurelia-binding@^2.0.0, aurelia-binding@^2.5.2:
  version "2.5.4"
  resolved "https://registry.yarnpkg.com/aurelia-binding/-/aurelia-binding-2.5.4.tgz#c1c9221dd351bbf749df5e71aedc29b993a9ada0"
  integrity sha512-tYhYCFvQne+chO3p8KntCWj0r8oCXiCOGQ0yFbthHDBpjjTA4QlBwpGQ8nlGoGDKj7n4PoobeIjN3lEDKgKUyw==
  dependencies:
    aurelia-logging "^1.0.0"
    aurelia-metadata "^1.0.0"
    aurelia-pal "^1.0.0"
    aurelia-task-queue "^1.0.0"

aurelia-dependency-injection@^1.0.0, aurelia-dependency-injection@^1.5.0:
  version "1.5.2"
  resolved "https://registry.yarnpkg.com/aurelia-dependency-injection/-/aurelia-dependency-injection-1.5.2.tgz#a4a6aee8c3e480f11d84dba39fc6e615bf5f0469"
  integrity sha512-LnKgpXzKuG2A/YPGeg5OOw8zvkbvDBMRJA9QDCjZlxymsPI98dwggNSQHI8UK+hTIBqOmjjRxqdMoeROo2Gpbw==
  dependencies:
    aurelia-metadata "^1.0.0"
    aurelia-pal "^1.0.0"

aurelia-framework@^1.3.1:
  version "1.3.1"
  resolved "https://registry.yarnpkg.com/aurelia-framework/-/aurelia-framework-1.3.1.tgz#4b309970936fb487677a3ed3b54bc153d3b24f62"
  integrity sha512-eKR+JnrVzYQ372pokHjfw+YfiGpFIO6yGOotGHkeLtIVZcVowX4oYe1HEkDe7/VXU3f6cDILoYkNIwrZUBij0g==
  dependencies:
    aurelia-binding "^2.0.0"
    aurelia-dependency-injection "^1.0.0"
    aurelia-loader "^1.0.0"
    aurelia-logging "^1.0.0"
    aurelia-metadata "^1.0.0"
    aurelia-pal "^1.0.0"
    aurelia-path "^1.0.0"
    aurelia-task-queue "^1.0.0"
    aurelia-templating "^1.8.1"

aurelia-loader@^1.0.0:
  version "1.0.2"
  resolved "https://registry.yarnpkg.com/aurelia-loader/-/aurelia-loader-1.0.2.tgz#221ac3fa4fd65faf120410390a3e7de92609614e"
  integrity sha512-3owEe5Zsk8cIJG+zcxN6gzqUr2z2c+FKhtrL49e1j8vE4ccQQjXg+tvKFnfBVf3pwma6A474WsdK8poYhoVZyA==
  dependencies:
    aurelia-metadata "^1.0.0"
    aurelia-path "^1.0.0"

aurelia-logging@^1.0.0, aurelia-logging@^1.5.0:
  version "1.5.2"
  resolved "https://registry.yarnpkg.com/aurelia-logging/-/aurelia-logging-1.5.2.tgz#eddacfeded5da39808d36fd916829dd8d4c88ddd"
  integrity sha512-R0UdpGYBNSosBZ9WefmoIpgr36szFwQrRk2pbblhI+Vx911dUEEW85QXb6BRKVAP1ykz52Fuq8lCZxR6UupQXA==

aurelia-metadata@^1.0.0:
  version "1.0.7"
  resolved "https://registry.yarnpkg.com/aurelia-metadata/-/aurelia-metadata-1.0.7.tgz#7774701e1f02b5f731048d1a2bd5edb6059552d0"
  integrity sha512-6Q3VV5VvCRjvJyICESwCNSWLkaYml9PAxHo5SjzVv+HNmvFtQRKRazczwECbTD6IWiE+O90+PmamPy4Ac2YnTA==
  dependencies:
    aurelia-pal "^1.0.0"

aurelia-pal@^1.0.0, aurelia-pal@^1.8.0:
  version "1.8.2"
  resolved "https://registry.yarnpkg.com/aurelia-pal/-/aurelia-pal-1.8.2.tgz#9c39509ea2650291fa4bda06a4ed37d8be31f0ac"
  integrity sha512-6erozUK5aaD88PvThs/L87kLsqxqPaBU59PGECr36v9yezhve0BHqpKgbtJ8haHJSiH80K9lsJtXfefedS/3sw==

aurelia-path@^1.0.0:
  version "1.1.5"
  resolved "https://registry.yarnpkg.com/aurelia-path/-/aurelia-path-1.1.5.tgz#e1035daddef7a1926ec7bb76232b659da86c7ed5"
  integrity sha512-gvjGQalckFXMXJEztlUTQXa4y7fES6/QaC+fSPqE9FcHlB9DE4b0gztY9RRUf+8guCo5L6122h+iYk1AR/ICrQ==

aurelia-task-queue@^1.0.0, aurelia-task-queue@^1.1.0, aurelia-task-queue@^1.3.1:
  version "1.3.3"
  resolved "https://registry.yarnpkg.com/aurelia-task-queue/-/aurelia-task-queue-1.3.3.tgz#f7f744bde4ffa3dddb5225bd0956a2fa53c139c5"
  integrity sha512-ua3J2YO+cZgpn1MqxPlanSDXG4SB0BXotxYDW1iL5f6AsoEvJ3BycZJYw/N9hMQKmWniOeaBr7wGQ+KDiZFywQ==
  dependencies:
    aurelia-pal "^1.0.0"

aurelia-templating@^1.8.1, aurelia-templating@^1.9.0:
  version "1.10.4"
  resolved "https://registry.yarnpkg.com/aurelia-templating/-/aurelia-templating-1.10.4.tgz#d42f7d07b4c970812e6ee9e9b1bd6b3727583704"
  integrity sha512-w1AtGneeRRJJPxr7QiGwTyLOsspPSF0xg1bKJnMntVhGC265SrtEAIsF1aKXOuLVTrjhx1Vi+3xPiJ560ilwtw==
  dependencies:
    aurelia-binding "^2.0.0"
    aurelia-dependency-injection "^1.0.0"
    aurelia-loader "^1.0.0"
    aurelia-logging "^1.0.0"
    aurelia-metadata "^1.0.0"
    aurelia-pal "^1.0.0"
    aurelia-path "^1.0.0"
    aurelia-task-queue "^1.1.0"

aurelia-validation@^2.0.0-rc2:
  version "2.0.0-rc2"
  resolved "https://registry.yarnpkg.com/aurelia-validation/-/aurelia-validation-2.0.0-rc2.tgz#2a47fedfc28e9de9701f1d768b295917398583ed"
  integrity sha512-aG14qfIt6kMWhlinfsyxvQfRWGJFWdL4BslhUe0BaNlvQI6yP9uZq8D91MtdeTz9PeM7Q9gRTU1gocSDy2drmA==
  dependencies:
    aurelia-binding "^2.5.2"
    aurelia-dependency-injection "^1.5.0"
    aurelia-logging "^1.5.0"
    aurelia-pal "^1.8.0"
    aurelia-task-queue "^1.3.1"
    aurelia-templating "^1.9.0"
